
Microsoft Visual Studio Solution File, Format Version 12.00
# Visual Studio 2013
VisualStudioVersion = 12.0.21005.1
MinimumVisualStudioVersion = 10.0.40219.1
Project("{8BC9CEB8-8B4A-11D0-8D11-00A0C91BC942}") = "test1-3", "test1-3\test1-3.vcxproj", "{DB0966EA-9064-4CEF-82F1-71B98D2BE05D}"
EndProject
Global
	GlobalSection(SolutionConfigurationPlatforms) = preSolution
		Debug|Win32 = Debug|Win32
		Release|Win32 = Release|Win32
	EndGlobalSection
	GlobalSection(ProjectConfigurationPlatforms) = postSolution
		{DB0966EA-9064-4CEF-82F1-71B98D2BE05D}.Debug|Win32.ActiveCfg = Debug|Win32
		{DB0966EA-9064-4CEF-82F1-71B98D2BE05D}.Debug|Win32.Build.0 = Debug|Win32
		{DB0966EA-9064-4CEF-82F1-71B98D2BE05D}.Release|Win32.ActiveCfg = Release|Win32
		{DB0966EA-9064-4CEF-82F1-71B98D2BE05D}.Release|Win32.Build.0 = Release|Win32
	EndGlobalSection
	GlobalSection(SolutionProperties) = preSolution
		HideSolutionNode = FALSE
	EndGlobalSection
EndGlobal
